
Microsoft Visual Studio Solution File, Format Version 12.00
# Visual Studio Version 17
VisualStudioVersion = 17.7.34031.279
MinimumVisualStudioVersion = 10.0.40219.1
Project("{2150E333-8FDC-42A3-9474-1A3956D46DE8}") = "Services", "Services", "{5571140D-C267-4E00-9DBB-AADD0C58E8CF}"
EndProject
Project("{2150E333-8FDC-42A3-9474-1A3956D46DE8}") = "Catalog", "Catalog", "{13269388-BEF1-435F-891F-4EBA3F181049}"
EndProject
Project("{E53339B2-1760-4266-BCC7-CA923CBCF16C}") = "docker-compose", "docker-compose.dcproj", "{B49964FD-1240-441C-AC06-78ABE42E9FDD}"
EndProject
Project("{2150E333-8FDC-42A3-9474-1A3956D46DE8}") = "Basket", "Basket", "{24639FC3-6A6A-4836-A801-330B3E848D03}"
EndProject
Project("{9A19103F-16F7-4668-BE54-9A1E7A4F7556}") = "Basket.API", "Services\Basket\Basket.API\Basket.API.csproj", "{CECB03E0-B23D-41E1-A639-543E42CC2992}"
EndProject
Project("{2150E333-8FDC-42A3-9474-1A3956D46DE8}") = "Discount", "Discount", "{89788D36-231F-470F-AAB2-89AF967E60BE}"
EndProject
Project("{FAE04EC0-301F-11D3-BF4B-00C04F79EFBC}") = "Discount.API", "Services\Discount\Discount.API\Discount.API.csproj", "{EF6F3FC4-80F4-458C-865E-362A6E1077D4}"
EndProject
Global
	GlobalSection(SolutionConfigurationPlatforms) = preSolution
		Debug|Any CPU = Debug|Any CPU
		Release|Any CPU = Release|Any CPU
	EndGlobalSection
	GlobalSection(ProjectConfigurationPlatforms) = postSolution
		{B49964FD-1240-441C-AC06-78ABE42E9FDD}.Debug|Any CPU.ActiveCfg = Debug|Any CPU
		{B49964FD-1240-441C-AC06-78ABE42E9FDD}.Debug|Any CPU.Build.0 = Debug|Any CPU
		{B49964FD-1240-441C-AC06-78ABE42E9FDD}.Release|Any CPU.ActiveCfg = Release|Any CPU
		{B49964FD-1240-441C-AC06-78ABE42E9FDD}.Release|Any CPU.Build.0 = Release|Any CPU
		{CECB03E0-B23D-41E1-A639-543E42CC2992}.Debug|Any CPU.ActiveCfg = Debug|Any CPU
		{CECB03E0-B23D-41E1-A639-543E42CC2992}.Debug|Any CPU.Build.0 = Debug|Any CPU
		{CECB03E0-B23D-41E1-A639-543E42CC2992}.Release|Any CPU.ActiveCfg = Release|Any CPU
		{CECB03E0-B23D-41E1-A639-543E42CC2992}.Release|Any CPU.Build.0 = Release|Any CPU
		{EF6F3FC4-80F4-458C-865E-362A6E1077D4}.Debug|Any CPU.ActiveCfg = Debug|Any CPU
		{EF6F3FC4-80F4-458C-865E-362A6E1077D4}.Debug|Any CPU.Build.0 = Debug|Any CPU
		{EF6F3FC4-80F4-458C-865E-362A6E1077D4}.Release|Any CPU.ActiveCfg = Release|Any CPU
		{EF6F3FC4-80F4-458C-865E-362A6E1077D4}.Release|Any CPU.Build.0 = Release|Any CPU
	EndGlobalSection
	GlobalSection(SolutionProperties) = preSolution
		HideSolutionNode = FALSE
	EndGlobalSection
	GlobalSection(NestedProjects) = preSolution
		{13269388-BEF1-435F-891F-4EBA3F181049} = {5571140D-C267-4E00-9DBB-AADD0C58E8CF}
		{24639FC3-6A6A-4836-A801-330B3E848D03} = {5571140D-C267-4E00-9DBB-AADD0C58E8CF}
		{CECB03E0-B23D-41E1-A639-543E42CC2992} = {24639FC3-6A6A-4836-A801-330B3E848D03}
		{89788D36-231F-470F-AAB2-89AF967E60BE} = {5571140D-C267-4E00-9DBB-AADD0C58E8CF}
		{EF6F3FC4-80F4-458C-865E-362A6E1077D4} = {89788D36-231F-470F-AAB2-89AF967E60BE}
	EndGlobalSection
	GlobalSection(ExtensibilityGlobals) = postSolution
		SolutionGuid = {6B3B1E48-9325-4DC2-965B-EBA3C2C76435}
	EndGlobalSection
EndGlobal
